
Microsoft Visual Studio Solution File, Format Version 12.00
# Visual Studio Version 17
VisualStudioVersion = 17.9.34622.214
MinimumVisualStudioVersion = 10.0.40219.1
Project("{9A19103F-16F7-4668-BE54-9A1E7A4F7556}") = "Easy-Password-Validator", "Easy-Password-Validator\Easy-Password-Validator.csproj", "{538D2151-C431-4A90-987F-A989C5988BF6}"
EndProject
Project("{9A19103F-16F7-4668-BE54-9A1E7A4F7556}") = "Easy-Password-Validator-GUI", "Easy-Password-Validator-GUI\Easy-Password-Validator-GUI.csproj", "{94907BE8-4EA1-40E0-86B3-51CC79B7D2D1}"
EndProject
Project("{FAE04EC0-301F-11D3-BF4B-00C04F79EFBC}") = "Easy-Password-Validator-Test", "Easy-Password-Validator-Test\Easy-Password-Validator-Test.csproj", "{E22CA5F6-4DEE-461F-BEC3-768693E74C6F}"
EndProject
Global
	GlobalSection(SolutionConfigurationPlatforms) = preSolution
		Debug|Any CPU = Debug|Any CPU
		Release|Any CPU = Release|Any CPU
	EndGlobalSection
	GlobalSection(ProjectConfigurationPlatforms) = postSolution
		{538D2151-C431-4A90-987F-A989C5988BF6}.Debug|Any CPU.ActiveCfg = Debug|Any CPU
		{538D2151-C431-4A90-987F-A989C5988BF6}.Debug|Any CPU.Build.0 = Debug|Any CPU
		{538D2151-C431-4A90-987F-A989C5988BF6}.Release|Any CPU.ActiveCfg = Release|Any CPU
		{538D2151-C431-4A90-987F-A989C5988BF6}.Release|Any CPU.Build.0 = Release|Any CPU
		{94907BE8-4EA1-40E0-86B3-51CC79B7D2D1}.Debug|Any CPU.ActiveCfg = Debug|Any CPU
		{94907BE8-4EA1-40E0-86B3-51CC79B7D2D1}.Debug|Any CPU.Build.0 = Debug|Any CPU
		{94907BE8-4EA1-40E0-86B3-51CC79B7D2D1}.Debug|Any CPU.Deploy.0 = Debug|Any CPU
		{94907BE8-4EA1-40E0-86B3-51CC79B7D2D1}.Release|Any CPU.ActiveCfg = Release|Any CPU
		{94907BE8-4EA1-40E0-86B3-51CC79B7D2D1}.Release|Any CPU.Build.0 = Release|Any CPU
		{94907BE8-4EA1-40E0-86B3-51CC79B7D2D1}.Release|Any CPU.Deploy.0 = Release|Any CPU
		{E22CA5F6-4DEE-461F-BEC3-768693E74C6F}.Debug|Any CPU.ActiveCfg = Debug|Any CPU
		{E22CA5F6-4DEE-461F-BEC3-768693E74C6F}.Debug|Any CPU.Build.0 = Debug|Any CPU
		{E22CA5F6-4DEE-461F-BEC3-768693E74C6F}.Release|Any CPU.ActiveCfg = Release|Any CPU
		{E22CA5F6-4DEE-461F-BEC3-768693E74C6F}.Release|Any CPU.Build.0 = Release|Any CPU
	EndGlobalSection
	GlobalSection(SolutionProperties) = preSolution
		HideSolutionNode = FALSE
	EndGlobalSection
	GlobalSection(ExtensibilityGlobals) = postSolution
		SolutionGuid = {A5340F11-0FDA-4938-91EC-6CC78A9BA9DE}
	EndGlobalSection
EndGlobal
